// !$*UTF8*$!
{
	archiveVersion = 1;
	classes = {
	};
	objectVersion = 50;
	objects = {

/* Begin PBXBuildFile section */
		15C163AF248612DB005DDD55 /* AppDelegate.swift in Sources */ = {isa = PBXBuildFile; fileRef = 15C163AE248612DB005DDD55 /* AppDelegate.swift */; };
		15C163B1248612DB005DDD55 /* SceneDelegate.swift in Sources */ = {isa = PBXBuildFile; fileRef = 15C163B0248612DB005DDD55 /* SceneDelegate.swift */; };
		15C163B3248612DB005DDD55 /* ViewController.swift in Sources */ = {isa = PBXBuildFile; fileRef = 15C163B2248612DB005DDD55 /* ViewController.swift */; };
		15C163B6248612DB005DDD55 /* Main.storyboard in Resources */ = {isa = PBXBuildFile; fileRef = 15C163B4248612DB005DDD55 /* Main.storyboard */; };
		15C163B8248612DD005DDD55 /* Assets.xcassets in Resources */ = {isa = PBXBuildFile; fileRef = 15C163B7248612DD005DDD55 /* Assets.xcassets */; };
		15C163BB248612DD005DDD55 /* LaunchScreen.storyboard in Resources */ = {isa = PBXBuildFile; fileRef = 15C163B9248612DD005DDD55 /* LaunchScreen.storyboard */; };
		15C163CC24861372005DDD55 /* GitHubMarkdownView.framework in Frameworks */ = {isa = PBXBuildFile; fileRef = 15C163C72486130C005DDD55 /* GitHubMarkdownView.framework */; };
		15C163CD24861372005DDD55 /* GitHubMarkdownView.framework in Embed Frameworks */ = {isa = PBXBuildFile; fileRef = 15C163C72486130C005DDD55 /* GitHubMarkdownView.framework */; settings = {ATTRIBUTES = (CodeSignOnCopy, RemoveHeadersOnCopy, ); }; };
/* End PBXBuildFile section */

/* Begin PBXContainerItemProxy section */
		15C163C62486130C005DDD55 /* PBXContainerItemProxy */ = {
			isa = PBXContainerItemProxy;
			containerPortal = 15C163C22486130C005DDD55 /* GitHubMarkdownView.xcodeproj */;
			proxyType = 2;
			remoteGlobalIDString = 15C163912485E92E005DDD55;
			remoteInfo = GitHubMarkdownView;
		};
		15C163C824861314005DDD55 /* PBXContainerItemProxy */ = {
			isa = PBXContainerItemProxy;
			containerPortal = 15C163C22486130C005DDD55 /* GitHubMarkdownView.xcodeproj */;
			proxyType = 1;
			remoteGlobalIDString = 15C163902485E92E005DDD55;
			remoteInfo = GitHubMarkdownView;
		};
/* End PBXContainerItemProxy section */

/* Begin PBXCopyFilesBuildPhase section */
		15C163CE24861372005DDD55 /* Embed Frameworks */ = {
			isa = PBXCopyFilesBuildPhase;
			buildActionMask = 2147483647;
			dstPath = "";
			dstSubfolderSpec = 10;
			files = (
				15C163CD24861372005DDD55 /* GitHubMarkdownView.framework in Embed Frameworks */,
			);
			name = "Embed Frameworks";
			runOnlyForDeploymentPostprocessing = 0;
		};
/* End PBXCopyFilesBuildPhase section */

/* Begin PBXFileReference section */
		15C163AB248612DB005DDD55 /* example.app */ = {isa = PBXFileReference; explicitFileType = wrapper.application; includeInIndex = 0; path = example.app; sourceTree = BUILT_PRODUCTS_DIR; };
		15C163AE248612DB005DDD55 /* AppDelegate.swift */ = {isa = PBXFileReference; lastKnownFileType = sourcecode.swift; path = AppDelegate.swift; sourceTree = "<group>"; };
		15C163B0248612DB005DDD55 /* SceneDelegate.swift */ = {isa = PBXFileReference; lastKnownFileType = sourcecode.swift; path = SceneDelegate.swift; sourceTree = "<group>"; };
		15C163B2248612DB005DDD55 /* ViewController.swift */ = {isa = PBXFileReference; lastKnownFileType = sourcecode.swift; path = ViewController.swift; sourceTree = "<group>"; };
		15C163B5248612DB005DDD55 /* Base */ = {isa = PBXFileReference; lastKnownFileType = file.storyboard; name = Base; path = Base.lproj/Main.storyboard; sourceTree = "<group>"; };
		15C163B7248612DD005DDD55 /* Assets.xcassets */ = {isa = PBXFileReference; lastKnownFileType = folder.assetcatalog; path = Assets.xcassets; sourceTree = "<group>"; };
		15C163BA248612DD005DDD55 /* Base */ = {isa = PBXFileReference; lastKnownFileType = file.storyboard; name = Base; path = Base.lproj/LaunchScreen.storyboard; sourceTree = "<group>"; };
		15C163BC248612DD005DDD55 /* Info.plist */ = {isa = PBXFileReference; lastKnownFileType = text.plist.xml; path = Info.plist; sourceTree = "<group>"; };
		15C163C22486130C005DDD55 /* GitHubMarkdownView.xcodeproj */ = {isa = PBXFileReference; lastKnownFileType = "wrapper.pb-project"; name = GitHubMarkdownView.xcodeproj; path = ../GitHubMarkdownView.xcodeproj; sourceTree = "<group>"; };
/* End PBXFileReference section */

/* Begin PBXFrameworksBuildPhase section */
		15C163A8248612DB005DDD55 /* Frameworks */ = {
			isa = PBXFrameworksBuildPhase;
			buildActionMask = 2147483647;
			files = (
				15C163CC24861372005DDD55 /* GitHubMarkdownView.framework in Frameworks */,
			);
			runOnlyForDeploymentPostprocessing = 0;
		};
/* End PBXFrameworksBuildPhase section */

/* Begin PBXGroup section */
		15C163A2248612DB005DDD55 = {
			isa = PBXGroup;
			children = (
				15C163C22486130C005DDD55 /* GitHubMarkdownView.xcodeproj */,
				15C163AD248612DB005DDD55 /* example */,
				15C163AC248612DB005DDD55 /* Products */,
				15C163CA24861319005DDD55 /* Frameworks */,
			);
			sourceTree = "<group>";
		};
		15C163AC248612DB005DDD55 /* Products */ = {
			isa = PBXGroup;
			children = (
				15C163AB248612DB005DDD55 /* example.app */,
			);
			name = Products;
			sourceTree = "<group>";
		};
		15C163AD248612DB005DDD55 /* example */ = {
			isa = PBXGroup;
			children = (
				15C163AE248612DB005DDD55 /* AppDelegate.swift */,
				15C163B0248612DB005DDD55 /* SceneDelegate.swift */,
				15C163B2248612DB005DDD55 /* ViewController.swift */,
				15C163B4248612DB005DDD55 /* Main.storyboard */,
				15C163B7248612DD005DDD55 /* Assets.xcassets */,
				15C163B9248612DD005DDD55 /* LaunchScreen.storyboard */,
				15C163BC248612DD005DDD55 /* Info.plist */,
			);
			path = example;
			sourceTree = "<group>";
		};
		15C163C32486130C005DDD55 /* Products */ = {
			isa = PBXGroup;
			children = (
				15C163C72486130C005DDD55 /* GitHubMarkdownView.framework */,
			);
			name = Products;
			sourceTree = "<group>";
		};
		15C163CA24861319005DDD55 /* Frameworks */ = {
			isa = PBXGroup;
			children = (
			);
			name = Frameworks;
			sourceTree = "<group>";
		};
/* End PBXGroup section */

/* Begin PBXNativeTarget section */
		15C163AA248612DB005DDD55 /* example */ = {
			isa = PBXNativeTarget;
			buildConfigurationList = 15C163BF248612DD005DDD55 /* Build configuration list for PBXNativeTarget "example" */;
			buildPhases = (
				15C163A7248612DB005DDD55 /* Sources */,
				15C163A8248612DB005DDD55 /* Frameworks */,
				15C163A9248612DB005DDD55 /* Resources */,
				15C163CE24861372005DDD55 /* Embed Frameworks */,
			);
			buildRules = (
			);
			dependencies = (
				15C163C924861314005DDD55 /* PBXTargetDependency */,
			);
			name = example;
			productName = example;
			productReference = 15C163AB248612DB005DDD55 /* example.app */;
			productType = "com.apple.product-type.application";
		};
/* End PBXNativeTarget section */

/* Begin PBXProject section */
		15C163A3248612DB005DDD55 /* Project object */ = {
			isa = PBXProject;
			attributes = {
				LastSwiftUpdateCheck = 1150;
				LastUpgradeCheck = 1150;
				ORGANIZATIONNAME = v;
				TargetAttributes = {
					15C163AA248612DB005DDD55 = {
						CreatedOnToolsVersion = 11.5;
					};
				};
			};
			buildConfigurationList = 15C163A6248612DB005DDD55 /* Build configuration list for PBXProject "example" */;
			compatibilityVersion = "Xcode 9.3";
			developmentRegion = en;
			hasScannedForEncodings = 0;
			knownRegions = (
				en,
				Base,
			);
			mainGroup = 15C163A2248612DB005DDD55;
			productRefGroup = 15C163AC248612DB005DDD55 /* Products */;
			projectDirPath = "";
			projectReferences = (
				{
					ProductGroup = 15C163C32486130C005DDD55 /* Products */;
					ProjectRef = 15C163C22486130C005DDD55 /* GitHubMarkdownView.xcodeproj */;
				},
			);
			projectRoot = "";
			targets = (
				15C163AA248612DB005DDD55 /* example */,
			);
		};
/* End PBXProject section */

/* Begin PBXReferenceProxy section */
		15C163C72486130C005DDD55 /* GitHubMarkdownView.framework */ = {
			isa = PBXReferenceProxy;
			fileType = wrapper.framework;
			path = GitHubMarkdownView.framework;
			remoteRef = 15C163C62486130C005DDD55 /* PBXContainerItemProxy */;
			sourceTree = BUILT_PRODUCTS_DIR;
		};
/* End PBXReferenceProxy section */

/* Begin PBXResourcesBuildPhase section */
		15C163A9248612DB005DDD55 /* Resources */ = {
			isa = PBXResourcesBuildPhase;
			buildActionMask = 2147483647;
			files = (
				15C163BB248612DD005DDD55 /* LaunchScreen.storyboard in Resources */,
				15C163B8248612DD005DDD55 /* Assets.xcassets in Resources */,
				15C163B6248612DB005DDD55 /* Main.storyboard in Resources */,
			);
			runOnlyForDeploymentPostprocessing = 0;
		};
/* End PBXResourcesBuildPhase section */

/* Begin PBXSourcesBuildPhase section */
		15C163A7248612DB005DDD55 /* Sources */ = {
			isa = PBXSourcesBuildPhase;
			buildActionMask = 2147483647;
			files = (
				15C163B3248612DB005DDD55 /* ViewController.swift in Sources */,
				15C163AF248612DB005DDD55 /* AppDelegate.swift in Sources */,
				15C163B1248612DB005DDD55 /* SceneDelegate.swift in Sources */,
			);
			runOnlyForDeploymentPostprocessing = 0;
		};
/* End PBXSourcesBuildPhase section */

/* Begin PBXTargetDependency section */
		15C163C924861314005DDD55 /* PBXTargetDependency */ = {
			isa = PBXTargetDependency;
			name = GitHubMarkdownView;
			targetProxy = 15C163C824861314005DDD55 /* PBXContainerItemProxy */;
		};
/* End PBXTargetDependency section */

/* Begin PBXVariantGroup section */
		15C163B4248612DB005DDD55 /* Main.storyboard */ = {
			isa = PBXVariantGroup;
			children = (
				15C163B5248612DB005DDD55 /* Base */,
			);
			name = Main.storyboard;
			sourceTree = "<group>";
		};
		15C163B9248612DD005DDD55 /* LaunchScreen.storyboard */ = {
			isa = PBXVariantGroup;
			children = (
				15C163BA248612DD005DDD55 /* Base */,
			);
			name = LaunchScreen.storyboard;
			sourceTree = "<group>";
		};
/* End PBXVariantGroup section */

/* Begin XCBuildConfiguration section */
		15C163BD248612DD005DDD55 /* Debug */ = {
			isa = XCBuildConfiguration;
			buildSettings = {
				ALWAYS_SEARCH_USER_PATHS = NO;
				CLANG_ANALYZER_NONNULL = YES;
				CLANG_ANALYZER_NUMBER_OBJECT_CONVERSION = YES_AGGRESSIVE;
				CLANG_CXX_LANGUAGE_STANDARD = "gnu++14";
				CLANG_CXX_LIBRARY = "libc++";
				CLANG_ENABLE_MODULES = YES;
				CLANG_ENABLE_OBJC_ARC = YES;
				CLANG_ENABLE_OBJC_WEAK = YES;
				CLANG_WARN_BLOCK_CAPTURE_AUTORELEASING = YES;
				CLANG_WARN_BOOL_CONVERSION = YES;
				CLANG_WARN_COMMA = YES;
				CLANG_WARN_CONSTANT_CONVERSION = YES;
				CLANG_WARN_DEPRECATED_OBJC_IMPLEMENTATIONS = YES;
				CLANG_WARN_DIRECT_OBJC_ISA_USAGE = YES_ERROR;
				CLANG_WARN_DOCUMENTATION_COMMENTS = YES;
				CLANG_WARN_EMPTY_BODY = YES;
				CLANG_WARN_ENUM_CONVERSION = YES;
				CLANG_WARN_INFINITE_RECURSION = YES;
				CLANG_WARN_INT_CONVERSION = YES;
				CLANG_WARN_NON_LITERAL_NULL_CONVERSION = YES;
				CLANG_WARN_OBJC_IMPLICIT_RETAIN_SELF = YES;
				CLANG_WARN_OBJC_LITERAL_CONVERSION = YES;
				CLANG_WARN_OBJC_ROOT_CLASS = YES_ERROR;
				CLANG_WARN_RANGE_LOOP_ANALYSIS = YES;
				CLANG_WARN_STRICT_PROTOTYPES = YES;
				CLANG_WARN_SUSPICIOUS_MOVE = YES;
				CLANG_WARN_UNGUARDED_AVAILABILITY = YES_AGGRESSIVE;
				CLANG_WARN_UNREACHABLE_CODE = YES;
				CLANG_WARN__DUPLICATE_METHOD_MATCH = YES;
				COPY_PHASE_STRIP = NO;
				DEBUG_INFORMATION_FORMAT = dwarf;
				ENABLE_STRICT_OBJC_MSGSEND = YES;
				ENABLE_TESTABILITY = YES;
				GCC_C_LANGUAGE_STANDARD = gnu11;
				GCC_DYNAMIC_NO_PIC = NO;
				GCC_NO_COMMON_BLOCKS = YES;
				GCC_OPTIMIZATION_LEVEL = 0;
				GCC_PREPROCESSOR_DEFINITIONS = (
					"DEBUG=1",
					"$(inherited)",
				);
				GCC_WARN_64_TO_32_BIT_CONVERSION = YES;
				GCC_WARN_ABOUT_RETURN_TYPE = YES_ERROR;
				GCC_WARN_UNDECLARED_SELECTOR = YES;
				GCC_WARN_UNINITIALIZED_AUTOS = YES_AGGRESSIVE;
				GCC_WARN_UNUSED_FUNCTION = YES;
				GCC_WARN_UNUSED_VARIABLE = YES;
				IPHONEOS_DEPLOYMENT_TARGET = 9.0;
				MTL_ENABLE_DEBUG_INFO = INCLUDE_SOURCE;
				MTL_FAST_MATH = YES;
				ONLY_ACTIVE_ARCH = YES;
				SDKROOT = iphoneos;
				SWIFT_ACTIVE_COMPILATION_CONDITIONS = DEBUG;
				SWIFT_OPTIMIZATION_LEVEL = "-Onone";
			};
			name = Debug;
		};
		15C163BE248612DD005DDD55 /* Release */ = {
			isa = XCBuildConfiguration;
			buildSettings = {
				ALWAYS_SEARCH_USER_PATHS = NO;
				CLANG_ANALYZER_NONNULL = YES;
				CLANG_ANALYZER_NUMBER_OBJECT_CONVERSION = YES_AGGRESSIVE;
				CLANG_CXX_LANGUAGE_STANDARD = "gnu++14";
				CLANG_CXX_LIBRARY = "libc++";
				CLANG_ENABLE_MODULES = YES;
				CLANG_ENABLE_OBJC_ARC = YES;
				CLANG_ENABLE_OBJC_WEAK = YES;
				CLANG_WARN_BLOCK_CAPTURE_AUTORELEASING = YES;
				CLANG_WARN_BOOL_CONVERSION = YES;
				CLANG_WARN_COMMA = YES;
				CLANG_WARN_CONSTANT_CONVERSION = YES;
				CLANG_WARN_DEPRECATED_OBJC_IMPLEMENTATIONS = YES;
				CLANG_WARN_DIRECT_OBJC_ISA_USAGE = YES_ERROR;
				CLANG_WARN_DOCUMENTATION_COMMENTS = YES;
				CLANG_WARN_EMPTY_BODY = YES;
				CLANG_WARN_ENUM_CONVERSION = YES;
				CLANG_WARN_INFINITE_RECURSION = YES;
				CLANG_WARN_INT_CONVERSION = YES;
				CLANG_WARN_NON_LITERAL_NULL_CONVERSION = YES;
				CLANG_WARN_OBJC_IMPLICIT_RETAIN_SELF = YES;
				CLANG_WARN_OBJC_LITERAL_CONVERSION = YES;
				CLANG_WARN_OBJC_ROOT_CLASS = YES_ERROR;
				CLANG_WARN_RANGE_LOOP_ANALYSIS = YES;
				CLANG_WARN_STRICT_PROTOTYPES = YES;
				CLANG_WARN_SUSPICIOUS_MOVE = YES;
				CLANG_WARN_UNGUARDED_AVAILABILITY = YES_AGGRESSIVE;
				CLANG_WARN_UNREACHABLE_CODE = YES;
				CLANG_WARN__DUPLICATE_METHOD_MATCH = YES;
				COPY_PHASE_STRIP = NO;
				DEBUG_INFORMATION_FORMAT = "dwarf-with-dsym";
				ENABLE_NS_ASSERTIONS = NO;
				ENABLE_STRICT_OBJC_MSGSEND = YES;
				GCC_C_LANGUAGE_STANDARD = gnu11;
				GCC_NO_COMMON_BLOCKS = YES;
				GCC_WARN_64_TO_32_BIT_CONVERSION = YES;
				GCC_WARN_ABOUT_RETURN_TYPE = YES_ERROR;
				GCC_WARN_UNDECLARED_SELECTOR = YES;
				GCC_WARN_UNINITIALIZED_AUTOS = YES_AGGRESSIVE;
				GCC_WARN_UNUSED_FUNCTION = YES;
				GCC_WARN_UNUSED_VARIABLE = YES;
				IPHONEOS_DEPLOYMENT_TARGET = 9.0;
				MTL_ENABLE_DEBUG_INFO = NO;
				MTL_FAST_MATH = YES;
				SDKROOT = iphoneos;
				SWIFT_COMPILATION_MODE = wholemodule;
				SWIFT_OPTIMIZATION_LEVEL = "-O";
				VALIDATE_PRODUCT = YES;
			};
			name = Release;
		};
		15C163C0248612DD005DDD55 /* Debug */ = {
			isa = XCBuildConfiguration;
			buildSettings = {
				ASSETCATALOG_COMPILER_APPICON_NAME = AppIcon;
				CODE_SIGN_STYLE = Automatic;
				INFOPLIST_FILE = example/Info.plist;
				LD_RUNPATH_SEARCH_PATHS = (
					"$(inherited)",
					"@executable_path/Frameworks",
				);
				PRODUCT_BUNDLE_IDENTIFIER = me.lvv.example;
				PRODUCT_NAME = "$(TARGET_NAME)";
				SWIFT_VERSION = 5.0;
				TARGETED_DEVICE_FAMILY = "1,2";
			};
			name = Debug;
		};
		15C163C1248612DD005DDD55 /* Release */ = {
			isa = XCBuildConfiguration;
			buildSettings = {
				ASSETCATALOG_COMPILER_APPICON_NAME = AppIcon;
				CODE_SIGN_STYLE = Automatic;
				INFOPLIST_FILE = example/Info.plist;
				LD_RUNPATH_SEARCH_PATHS = (
					"$(inherited)",
					"@executable_path/Frameworks",
				);
				PRODUCT_BUNDLE_IDENTIFIER = me.lvv.example;
				PRODUCT_NAME = "$(TARGET_NAME)";
				SWIFT_VERSION = 5.0;
				TARGETED_DEVICE_FAMILY = "1,2";
			};
			name = Release;
		};
/* End XCBuildConfiguration section */

/* Begin XCConfigurationList section */
		15C163A6248612DB005DDD55 /* Build configuration list for PBXProject "example" */ = {
			isa = XCConfigurationList;
			buildConfigurations = (
				15C163BD248612DD005DDD55 /* Debug */,
				15C163BE248612DD005DDD55 /* Release */,
			);
			defaultConfigurationIsVisible = 0;
			defaultConfigurationName = Release;
		};
		15C163BF248612DD005DDD55 /* Build configuration list for PBXNativeTarget "example" */ = {
			isa = XCConfigurationList;
			buildConfigurations = (
				15C163C0248612DD005DDD55 /* Debug */,
				15C163C1248612DD005DDD55 /* Release */,
			);
			defaultConfigurationIsVisible = 0;
			defaultConfigurationName = Release;
		};
/* End XCConfigurationList section */
	};
	rootObject = 15C163A3248612DB005DDD55 /* Project object */;
}
